<Solution>
  <Project Path="Ch-3/Ch-3.csproj" />
  <Project Path="ch3-eg3.13/ch3-eg3.13.csproj" Id="d0c77638-77f6-4d4b-8a58-6517a4cc5f44" />
  <Project Path="ch3-eg3.7/ch3-eg3.7.csproj" Id="8307aa00-e244-4d66-8ae2-bef9b95c7b06" />
  <Project Path="eg3.15/eg3.15.csproj" Id="e95ab638-1d62-42a7-bde3-d20acd2fbd4d" />
  <Project Path="eg3.17/eg3.17.csproj" Id="1a3dbcc3-0f14-4247-bae3-17a3bf126e3d" />
  <Project Path="ex1/ex1.csproj" Id="58841819-a0a0-4bc6-be5c-a3cabe0e6757" />
  <Project Path="ex2/ex2.csproj" Id="74782b8f-5599-4a4a-b98f-8ce038765171" />
  <Project Path="ex3/ex3.csproj" Id="29edf301-4f60-49b9-84e3-f608349ed648" />
  <Project Path="ex4/ex4.csproj" Id="6fc19e41-a91a-4c18-bb1f-50d7bfc042cf" />
  <Project Path="ex5/ex5.csproj" Id="abd2db47-6eb8-48c3-ab91-17c3be6fd770" />
  <Project Path="ex6/ex6.csproj" Id="11acf20d-b2e3-4a2c-874a-c9f15e53d647" />
  <Project Path="ex7/ex7.csproj" Id="f64dc81b-885a-4c27-8003-4929cf5e6dc8" />
  <Project Path="ex8/ex8.csproj" Id="54b720f4-f28d-4906-bde5-7fe32a70f365" />
</Solution>
